{
  "name": "Test",
  "version": "1.0.0",
  "lockfileVersion": 1,
  "requires": true,
  "dependencies": {
    "json-nested-find": {
      "version": "1.0.6",
      "resolved": "https://registry.npmjs.org/json-nested-find/-/json-nested-find-1.0.6.tgz",
      "integrity": "sha512-B0sdPCeXSLPwzWoaS8bkod9m/m6RXI2Wy0VIGlEnemZkhq1Idy12U1S4b1u3722+5+ZWEAKK1bBwghGNDaUUuw=="
    },
    "nested-keys": {
      "version": "0.0.2",
      "resolved": "https://registry.npmjs.org/nested-keys/-/nested-keys-0.0.2.tgz",
      "integrity": "sha1-rODex94oozGC5J0Oof2HrYc+7ok=",
      "requires": {
        "underscore": ">=1.7.0"
      }
    },
    "underscore": {
      "version": "1.12.1",
      "resolved": "https://registry.npmjs.org/underscore/-/underscore-1.12.1.tgz",
      "integrity": "sha512-hEQt0+ZLDVUMhebKxL4x1BTtDY7bavVofhZ9KZ4aI26X9SRaE+Y3m83XUL1UP2jn8ynjndwCCpEHdUG+9pP1Tw=="
    }
  }
}
